
Microsoft Visual Studio Solution File, Format Version 12.00
# Visual Studio Version 17
VisualStudioVersion = 17.1.32228.430
MinimumVisualStudioVersion = 10.0.40219.1
Project("{FAE04EC0-301F-11D3-BF4B-00C04F79EFBC}") = "souls_Save_Manager", "souls_Save_Manager.csproj", "{30D44E68-F45D-4160-9F61-BACA3D563122}"
EndProject
Global
	GlobalSection(SolutionConfigurationPlatforms) = preSolution
		Debug|Any CPU = Debug|Any CPU
		Release|Any CPU = Release|Any CPU
	EndGlobalSection
	GlobalSection(ProjectConfigurationPlatforms) = postSolution
		{30D44E68-F45D-4160-9F61-BACA3D563122}.Debug|Any CPU.ActiveCfg = Debug|Any CPU
		{30D44E68-F45D-4160-9F61-BACA3D563122}.Debug|Any CPU.Build.0 = Debug|Any CPU
		{30D44E68-F45D-4160-9F61-BACA3D563122}.Release|Any CPU.ActiveCfg = Release|Any CPU
		{30D44E68-F45D-4160-9F61-BACA3D563122}.Release|Any CPU.Build.0 = Release|Any CPU
	EndGlobalSection
	GlobalSection(SolutionProperties) = preSolution
		HideSolutionNode = FALSE
	EndGlobalSection
	GlobalSection(ExtensibilityGlobals) = postSolution
		SolutionGuid = {01216ADC-ED11-44B4-8CE0-C43D797A51C6}
	EndGlobalSection
EndGlobal
